lockfileVersion: 5.3

specifiers:
  '@supabase/supabase-js': ^1.15.1
  axios: ^0.21.1
  cloudinary: ^1.26.0
  dotenv: ^9.0.2
  regenerator-runtime: ^0.13.7

dependencies:
  '@supabase/supabase-js': 1.25.2
  axios: 0.21.4
  cloudinary: 1.27.1
  dotenv: 9.0.2
  regenerator-runtime: 0.13.9

packages:

  /@supabase/gotrue-js/1.19.0:
    resolution: {integrity: sha512-pfCFEe8CB926Qf/F+3SngbG3TzaSk2/ABelVBLM5H1xsy7jJMvJ30xqY7gqKwH4Hb+u/LZjv2UhoyCi3Emg49A==}
    dependencies:
      cross-fetch: 3.1.4
    dev: false

  /@supabase/postgrest-js/0.34.1:
    resolution: {integrity: sha512-64RQhBpwZDXOpPRCHqrCrlVcyPWE/p4nH6/ALnJCvTkQHkyzXNPDoTlX6OjbuyMH9/BNvgVhEZth0e6hfpWDXw==}
    dependencies:
      cross-fetch: 3.1.4
    dev: false

  /@supabase/realtime-js/1.2.1:
    resolution: {integrity: sha512-nhwSvizonT8hiMoQHOqs+2MZNV8qkhKn552g7NIJktVmqpz//O1dGjdcXyjhbAurW18z0Y7Qa9G7UXfEYJKRPQ==}
    dependencies:
      '@types/websocket': 1.0.4
      websocket: 1.0.34
    dev: false

  /@supabase/storage-js/1.4.1:
    resolution: {integrity: sha512-sMhFbuiSPh31m5NPuEZmDVbOLe0QjvkOVXceGk0J1KtApz+3LOXf+BZLNG8Ss9djc8ZkT2HWgu/m8cunJm9Mig==}
    dependencies:
      cross-fetch: 3.1.4
    dev: false

  /@supabase/supabase-js/1.25.2:
    resolution: {integrity: sha512-pRwFuZQD5srzdFrVkZgblxcB1XRpDQa8FUR0JuU8Qo6W1tdd3eL7uUnx+TU1W6VcFqS19q3hGsL5/M0UyvI+XQ==}
    dependencies:
      '@supabase/gotrue-js': 1.19.0
      '@supabase/postgrest-js': 0.34.1
      '@supabase/realtime-js': 1.2.1
      '@supabase/storage-js': 1.4.1
    dev: false

  /@types/node/16.11.6:
    resolution: {integrity: sha512-ua7PgUoeQFjmWPcoo9khiPum3Pd60k4/2ZGXt18sm2Slk0W0xZTqt5Y0Ny1NyBiN1EVQ/+FaF9NcY4Qe6rwk5w==}
    dev: false

  /@types/websocket/1.0.4:
    resolution: {integrity: sha512-qn1LkcFEKK8RPp459jkjzsfpbsx36BBt3oC3pITYtkoBw/aVX+EZFa5j3ThCRTNpLFvIMr5dSTD4RaMdilIOpA==}
    dependencies:
      '@types/node': 16.11.6
    dev: false

  /axios/0.21.4:
    resolution: {integrity: sha512-ut5vewkiu8jjGBdqpM44XxjuCjq9LAKeHVmoVfHVzy8eHgxxq8SbAVQNovDA8mVi05kP0Ea/n/UzcSHcTJQfNg==}
    dependencies:
      follow-redirects: 1.14.4
    transitivePeerDependencies:
      - debug
    dev: false

  /bufferutil/4.0.5:
    resolution: {integrity: sha512-HTm14iMQKK2FjFLRTM5lAVcyaUzOnqbPtesFIvREgXpJHdQm8bWS+GkQgIkfaBYRHuCnea7w8UVNfwiAQhlr9A==}
    engines: {node: '>=6.14.2'}
    requiresBuild: true
    dependencies:
      node-gyp-build: 4.3.0
    dev: false

  /cloudinary-core/2.12.0_lodash@4.17.21:
    resolution: {integrity: sha512-EXvnWuq3Ah6pZHB2vEfkrJ4tCGlccZo3xsmt1f+bmrB53jU42ZrnX+v8xKRMot9c/STSO7GPbxbhJQ/z/xRazg==}
    peerDependencies:
      lodash: '>=4.0'
    dependencies:
      lodash: 4.17.21
    dev: false

  /cloudinary/1.27.1:
    resolution: {integrity: sha512-NrSVdzD2yJUMwL4UTfOjlq+bkc88SaNoZjhibLnpI40c46vfIlz2Y77R9HfgYIQ1Lx/k+U1WKZuiQ5Z2Wd2Dsg==}
    engines: {node: '>=0.6'}
    dependencies:
      cloudinary-core: 2.12.0_lodash@4.17.21
      core-js: 3.6.5
      lodash: 4.17.21
      q: 1.5.1
    dev: false

  /core-js/3.6.5:
    resolution: {integrity: sha512-vZVEEwZoIsI+vPEuoF9Iqf5H7/M3eeQqWlQnYa8FSKKePuYTf5MWnxb5SDAzCa60b3JBRS5g9b+Dq7b1y/RCrA==}
    requiresBuild: true
    dev: false

  /cross-fetch/3.1.4:
    resolution: {integrity: sha512-1eAtFWdIubi6T4XPy6ei9iUFoKpUkIF971QLN8lIvvvwueI65+Nw5haMNKUwfJxabqlIIDODJKGrQ66gxC0PbQ==}
    dependencies:
      node-fetch: 2.6.1
    dev: false

  /d/1.0.1:
    resolution: {integrity: sha512-m62ShEObQ39CfralilEQRjH6oAMtNCV1xJyEx5LpRYUVN+EviphDgUc/F3hnYbADmkiNs67Y+3ylmlG7Lnu+FA==}
    dependencies:
      es5-ext: 0.10.53
      type: 1.2.0
    dev: false

  /debug/2.6.9:
    resolution: {integrity: sha512-bC7ElrdJaJnPbAP+1EotYvqZsb3ecl5wi6Bfi6BJTUcNowp6cvspg0jXznRTKDjm/E7AdgFBVeAPVMNcKGsHMA==}
    dependencies:
      ms: 2.0.0
    dev: false

  /dotenv/9.0.2:
    resolution: {integrity: sha512-I9OvvrHp4pIARv4+x9iuewrWycX6CcZtoAu1XrzPxc5UygMJXJZYmBsynku8IkrJwgypE5DGNjDPmPRhDCptUg==}
    engines: {node: '>=10'}
    dev: false

  /es5-ext/0.10.53:
    resolution: {integrity: sha512-Xs2Stw6NiNHWypzRTY1MtaG/uJlwCk8kH81920ma8mvN8Xq1gsfhZvpkImLQArw8AHnv8MT2I45J3c0R8slE+Q==}
    dependencies:
      es6-iterator: 2.0.3
      es6-symbol: 3.1.3
      next-tick: 1.0.0
    dev: false

  /es6-iterator/2.0.3:
    resolution: {integrity: sha1-p96IkUGgWpSwhUQDstCg+/qY87c=}
    dependencies:
      d: 1.0.1
      es5-ext: 0.10.53
      es6-symbol: 3.1.3
    dev: false

  /es6-symbol/3.1.3:
    resolution: {integrity: sha512-NJ6Yn3FuDinBaBRWl/q5X/s4koRHBrgKAu+yGI6JCBeiu3qrcbJhwT2GeR/EXVfylRk8dpQVJoLEFhK+Mu31NA==}
    dependencies:
      d: 1.0.1
      ext: 1.6.0
    dev: false

  /ext/1.6.0:
    resolution: {integrity: sha512-sdBImtzkq2HpkdRLtlLWDa6w4DX22ijZLKx8BMPUuKe1c5lbN6xwQDQCxSfxBQnHZ13ls/FH0MQZx/q/gr6FQg==}
    dependencies:
      type: 2.5.0
    dev: false

  /follow-redirects/1.14.4:
    resolution: {integrity: sha512-zwGkiSXC1MUJG/qmeIFH2HBJx9u0V46QGUe3YR1fXG8bXQxq7fLj0RjLZQ5nubr9qNJUZrH+xUcwXEoXNpfS+g==}
    engines: {node: '>=4.0'}
    peerDependencies:
      debug: '*'
    peerDependenciesMeta:
      debug:
        optional: true
    dev: false

  /is-typedarray/1.0.0:
    resolution: {integrity: sha1-5HnICFjfDBsR3dppQPlgEfzaSpo=}
    dev: false

  /lodash/4.17.21:
    resolution: {integrity: sha512-v2kDEe57lecTulaDIuNTPy3Ry4gLGJ6Z1O3vE1krgXZNrsQ+LFTGHVxVjcXPs17LhbZVGedAJv8XZ1tvj5FvSg==}
    dev: false

  /ms/2.0.0:
    resolution: {integrity: sha1-VgiurfwAvmwpAd9fmGF4jeDVl8g=}
    dev: false

  /next-tick/1.0.0:
    resolution: {integrity: sha1-yobR/ogoFpsBICCOPchCS524NCw=}
    dev: false

  /node-fetch/2.6.1:
    resolution: {integrity: sha512-V4aYg89jEoVRxRb2fJdAg8FHvI7cEyYdVAh94HH0UIK8oJxUfkjlDQN9RbMx+bEjP7+ggMiFRprSti032Oipxw==}
    engines: {node: 4.x || >=6.0.0}
    dev: false

  /node-gyp-build/4.3.0:
    resolution: {integrity: sha512-iWjXZvmboq0ja1pUGULQBexmxq8CV4xBhX7VDOTbL7ZR4FOowwY/VOtRxBN/yKxmdGoIp4j5ysNT4u3S2pDQ3Q==}
    hasBin: true
    dev: false

  /q/1.5.1:
    resolution: {integrity: sha1-fjL3W0E4EpHQRhHxvxQQmsAGUdc=}
    engines: {node: '>=0.6.0', teleport: '>=0.2.0'}
    dev: false

  /regenerator-runtime/0.13.9:
    resolution: {integrity: sha512-p3VT+cOEgxFsRRA9X4lkI1E+k2/CtnKtU4gcxyaCUreilL/vqI6CdZ3wxVUx3UOUg+gnUOQQcRI7BmSI656MYA==}
    dev: false

  /type/1.2.0:
    resolution: {integrity: sha512-+5nt5AAniqsCnu2cEQQdpzCAh33kVx8n0VoFidKpB1dVVLAN/F+bgVOqOJqOnEnrhp222clB5p3vUlD+1QAnfg==}
    dev: false

  /type/2.5.0:
    resolution: {integrity: sha512-180WMDQaIMm3+7hGXWf12GtdniDEy7nYcyFMKJn/eZz/6tSLXrUN9V0wKSbMjej0I1WHWbpREDEKHtqPQa9NNw==}
    dev: false

  /typedarray-to-buffer/3.1.5:
    resolution: {integrity: sha512-zdu8XMNEDepKKR+XYOXAVPtWui0ly0NtohUscw+UmaHiAWT8hrV1rr//H6V+0DvJ3OQ19S979M0laLfX8rm82Q==}
    dependencies:
      is-typedarray: 1.0.0
    dev: false

  /utf-8-validate/5.0.7:
    resolution: {integrity: sha512-vLt1O5Pp+flcArHGIyKEQq883nBt8nN8tVBcoL0qUXj2XT1n7p70yGIq2VK98I5FdZ1YHc0wk/koOnHjnXWk1Q==}
    engines: {node: '>=6.14.2'}
    requiresBuild: true
    dependencies:
      node-gyp-build: 4.3.0
    dev: false

  /websocket/1.0.34:
    resolution: {integrity: sha512-PRDso2sGwF6kM75QykIesBijKSVceR6jL2G8NGYyq2XrItNC2P5/qL5XeR056GhA+Ly7JMFvJb9I312mJfmqnQ==}
    engines: {node: '>=4.0.0'}
    dependencies:
      bufferutil: 4.0.5
      debug: 2.6.9
      es5-ext: 0.10.53
      typedarray-to-buffer: 3.1.5
      utf-8-validate: 5.0.7
      yaeti: 0.0.6
    dev: false

  /yaeti/0.0.6:
    resolution: {integrity: sha1-8m9ITXJoTPQr7ft2lwqhYI+/lXc=}
    engines: {node: '>=0.10.32'}
    dev: false
